// !$*UTF8*$!
{
	archiveVersion = 1;
	classes = {
	};
	objectVersion = 55;
	objects = {

/* Begin PBXBuildFile section */
		6F9AC0D62C1210A800000018 /* KenKenApp.swift in Sources */ = {isa = PBXBuildFile; fileRef = 6F9AC0C92C1210A80000000B /* KenKenApp.swift */; };
		6F9AC0D72C1210A800000019 /* ContentView.swift in Sources */ = {isa = PBXBuildFile; fileRef = 6F9AC0CA2C1210A80000000C /* ContentView.swift */; };
		6F9AC0D82C1210A80000001A /* KenKenGenerator.swift in Sources */ = {isa = PBXBuildFile; fileRef = 6F9AC0CC2C1210A80000000E /* KenKenGenerator.swift */; };
		6F9AC0D92C1210A80000001B /* KenKenPuzzle.swift in Sources */ = {isa = PBXBuildFile; fileRef = 6F9AC0CE2C1210A800000010 /* KenKenPuzzle.swift */; };
		6F9AC0DA2C1210A80000001C /* KenKenGameViewModel.swift in Sources */ = {isa = PBXBuildFile; fileRef = 6F9AC0D02C1210A800000012 /* KenKenGameViewModel.swift */; };
		6F9AC0DB2C1210A80000001D /* KenKenGridView.swift in Sources */ = {isa = PBXBuildFile; fileRef = 6F9AC0D22C1210A800000014 /* KenKenGridView.swift */; };
		6F9AC0DC2C1210A80000001E /* NumberPadView.swift in Sources */ = {isa = PBXBuildFile; fileRef = 6F9AC0D32C1210A800000015 /* NumberPadView.swift */; };
		6F9AC0DD2C1210A80000001F /* Assets.xcassets in Resources */ = {isa = PBXBuildFile; fileRef = 6F9AC0D42C1210A800000016 /* Assets.xcassets */; };
/* End PBXBuildFile section */

/* Begin PBXFileReference section */
		6F9AC0C92C1210A80000000B /* KenKenApp.swift */ = {isa = PBXFileReference; lastKnownFileType = sourcecode.swift; path = KenKenApp.swift; sourceTree = "<group>"; };
		6F9AC0CA2C1210A80000000C /* ContentView.swift */ = {isa = PBXFileReference; lastKnownFileType = sourcecode.swift; path = ContentView.swift; sourceTree = "<group>"; };
		6F9AC0CC2C1210A80000000E /* KenKenGenerator.swift */ = {isa = PBXFileReference; lastKnownFileType = sourcecode.swift; path = KenKenGenerator.swift; sourceTree = "<group>"; };
		6F9AC0CE2C1210A800000010 /* KenKenPuzzle.swift */ = {isa = PBXFileReference; lastKnownFileType = sourcecode.swift; path = KenKenPuzzle.swift; sourceTree = "<group>"; };
		6F9AC0D02C1210A800000012 /* KenKenGameViewModel.swift */ = {isa = PBXFileReference; lastKnownFileType = sourcecode.swift; path = KenKenGameViewModel.swift; sourceTree = "<group>"; };
		6F9AC0D22C1210A800000014 /* KenKenGridView.swift */ = {isa = PBXFileReference; lastKnownFileType = sourcecode.swift; path = KenKenGridView.swift; sourceTree = "<group>"; };
		6F9AC0D32C1210A800000015 /* NumberPadView.swift */ = {isa = PBXFileReference; lastKnownFileType = sourcecode.swift; path = NumberPadView.swift; sourceTree = "<group>"; };
		6F9AC0D42C1210A800000016 /* Assets.xcassets */ = {isa = PBXFileReference; lastKnownFileType = folder.assetcatalog; path = Assets.xcassets; sourceTree = "<group>"; };
		6F9AC0D52C1210A800000017 /* Info.plist */ = {isa = PBXFileReference; lastKnownFileType = text.plist.xml; path = Info.plist; sourceTree = "<group>"; };
		6F9AC0DE2C1210A800000020 /* KenKenApp.app */ = {isa = PBXFileReference; explicitFileType = wrapper.application; includeInIndex = 0; path = KenKenApp.app; sourceTree = BUILT_PRODUCTS_DIR; };
/* End PBXFileReference section */

/* Begin PBXFrameworksBuildPhase section */
		6F9AC0C32C1210A800000005 /* Frameworks */ = {
			isa = PBXFrameworksBuildPhase;
			buildActionMask = 2147483647;
			files = (
			);
			runOnlyForDeploymentPostprocessing = 0;
		};
/* End PBXFrameworksBuildPhase section */

/* Begin PBXGroup section */
		6F9AC0C02C1210A800000002 = {
			isa = PBXGroup;
			children = (
				6F9AC0C12C1210A800000003 /* KenKenApp */,
				6F9AC0DF2C1210A800000021 /* Products */,
			);
			indentWidth = 2;
			tabWidth = 2;
			sourceTree = "<group>";
		};
		6F9AC0C12C1210A800000003 /* KenKenApp */ = {
			isa = PBXGroup;
			children = (
				6F9AC0C92C1210A80000000B /* KenKenApp.swift */,
				6F9AC0CA2C1210A80000000C /* ContentView.swift */,
				6F9AC0CB2C1210A80000000D /* Generator */,
				6F9AC0CD2C1210A80000000F /* Models */,
				6F9AC0CF2C1210A800000011 /* ViewModels */,
				6F9AC0D12C1210A800000013 /* Views */,
				6F9AC0D42C1210A800000016 /* Assets.xcassets */,
				6F9AC0D52C1210A800000017 /* Info.plist */,
			);
			path = KenKenApp;
			sourceTree = "<group>";
		};
		6F9AC0CB2C1210A80000000D /* Generator */ = {
			isa = PBXGroup;
			children = (
				6F9AC0CC2C1210A80000000E /* KenKenGenerator.swift */,
			);
			path = Generator;
			sourceTree = "<group>";
		};
		6F9AC0CD2C1210A80000000F /* Models */ = {
			isa = PBXGroup;
			children = (
				6F9AC0CE2C1210A800000010 /* KenKenPuzzle.swift */,
			);
			path = Models;
			sourceTree = "<group>";
		};
		6F9AC0CF2C1210A800000011 /* ViewModels */ = {
			isa = PBXGroup;
			children = (
				6F9AC0D02C1210A800000012 /* KenKenGameViewModel.swift */,
			);
			path = ViewModels;
			sourceTree = "<group>";
		};
		6F9AC0D12C1210A800000013 /* Views */ = {
			isa = PBXGroup;
			children = (
				6F9AC0D22C1210A800000014 /* KenKenGridView.swift */,
				6F9AC0D32C1210A800000015 /* NumberPadView.swift */,
			);
			path = Views;
			sourceTree = "<group>";
		};
		6F9AC0DF2C1210A800000021 /* Products */ = {
			isa = PBXGroup;
			children = (
				6F9AC0DE2C1210A800000020 /* KenKenApp.app */,
			);
			name = Products;
			sourceTree = "<group>";
		};
/* End PBXGroup section */

/* Begin PBXNativeTarget section */
		6F9AC0C52C1210A800000007 /* KenKenApp */ = {
			isa = PBXNativeTarget;
			buildConfigurationList = 6F9AC0C82C1210A80000000A /* Build configuration list for PBXNativeTarget "KenKenApp" */;
			buildPhases = (
				6F9AC0C22C1210A800000004 /* Sources */,
				6F9AC0C32C1210A800000005 /* Frameworks */,
				6F9AC0C42C1210A800000006 /* Resources */,
			);
			buildRules = (
			);
			dependencies = (
			);
			name = KenKenApp;
			productName = KenKenApp;
			productReference = 6F9AC0DE2C1210A800000020 /* KenKenApp.app */;
			productType = "com.apple.product-type.application";
		};
/* End PBXNativeTarget section */

/* Begin PBXProject section */
		6F9AC0BF2C1210A800000001 /* Project object */ = {
			isa = PBXProject;
			attributes = {
				BuildIndependentTargetsInParallel = YES;
				LastSwiftUpdateCheck = 1540;
				LastUpgradeCheck = 1540;
				ORGANIZATIONNAME = "";
				TargetAttributes = {
					6F9AC0C52C1210A800000007 = {
						CreatedOnToolsVersion = 15.4;
						ProvisioningStyle = Automatic;
					};
				};
			};
			buildConfigurationList = 6F9AC0E02C1210A800000022 /* Build configuration list for PBXProject "KenKenApp" */;
			compatibilityVersion = "Xcode 14.0";
			developmentRegion = en;
			hasScannedForEncodings = 0;
			knownRegions = (
				en,
			);
			mainGroup = 6F9AC0C02C1210A800000002;
			productRefGroup = 6F9AC0DF2C1210A800000021 /* Products */;
			projectDirPath = "";
			projectRoot = "";
			targets = (
				6F9AC0C52C1210A800000007 /* KenKenApp */,
			);
		};
/* End PBXProject section */

/* Begin PBXResourcesBuildPhase section */
		6F9AC0C42C1210A800000006 /* Resources */ = {
			isa = PBXResourcesBuildPhase;
			buildActionMask = 2147483647;
			files = (
				6F9AC0DD2C1210A80000001F /* Assets.xcassets in Resources */,
			);
			runOnlyForDeploymentPostprocessing = 0;
		};
/* End PBXResourcesBuildPhase section */

/* Begin PBXSourcesBuildPhase section */
		6F9AC0C22C1210A800000004 /* Sources */ = {
			isa = PBXSourcesBuildPhase;
			buildActionMask = 2147483647;
			files = (
				6F9AC0DC2C1210A80000001E /* NumberPadView.swift in Sources */,
				6F9AC0D72C1210A800000019 /* ContentView.swift in Sources */,
				6F9AC0D82C1210A80000001A /* KenKenGenerator.swift in Sources */,
				6F9AC0D92C1210A80000001B /* KenKenPuzzle.swift in Sources */,
				6F9AC0DB2C1210A80000001D /* KenKenGridView.swift in Sources */,
				6F9AC0DA2C1210A80000001C /* KenKenGameViewModel.swift in Sources */,
				6F9AC0D62C1210A800000018 /* KenKenApp.swift in Sources */,
			);
			runOnlyForDeploymentPostprocessing = 0;
		};
/* End PBXSourcesBuildPhase section */

/* Begin XCBuildConfiguration section */
		6F9AC0C62C1210A800000008 /* Debug */ = {
			isa = XCBuildConfiguration;
			buildSettings = {
				ASSETCATALOG_COMPILER_APPICON_NAME = AppIcon;
				ASSETCATALOG_COMPILER_GLOBAL_ACCENT_COLOR_NAME = AccentColor;
				CODE_SIGN_STYLE = Automatic;
				CURRENT_PROJECT_VERSION = 1;
				DEVELOPMENT_TEAM = "";
				GENERATE_INFOPLIST_FILE = NO;
				INFOPLIST_FILE = KenKenApp/Info.plist;
				IPHONEOS_DEPLOYMENT_TARGET = 15.0;
				LD_RUNPATH_SEARCH_PATHS = (
					"$(inherited)",
					"@executable_path/Frameworks",
				);
				MARKETING_VERSION = 1.0;
				PRODUCT_BUNDLE_IDENTIFIER = com.example.KenKenApp;
				PRODUCT_NAME = "$(TARGET_NAME)";
				SWIFT_EMIT_LOC_STRINGS = YES;
				SWIFT_VERSION = 5.0;
				TARGETED_DEVICE_FAMILY = "1,2";
			};
			name = Debug;
		};
		6F9AC0C72C1210A800000009 /* Release */ = {
			isa = XCBuildConfiguration;
			buildSettings = {
				ASSETCATALOG_COMPILER_APPICON_NAME = AppIcon;
				ASSETCATALOG_COMPILER_GLOBAL_ACCENT_COLOR_NAME = AccentColor;
				CODE_SIGN_STYLE = Automatic;
				CURRENT_PROJECT_VERSION = 1;
				DEVELOPMENT_TEAM = "";
				GENERATE_INFOPLIST_FILE = NO;
				INFOPLIST_FILE = KenKenApp/Info.plist;
				IPHONEOS_DEPLOYMENT_TARGET = 15.0;
				LD_RUNPATH_SEARCH_PATHS = (
					"$(inherited)",
					"@executable_path/Frameworks",
				);
				MARKETING_VERSION = 1.0;
				PRODUCT_BUNDLE_IDENTIFIER = com.example.KenKenApp;
				PRODUCT_NAME = "$(TARGET_NAME)";
				SWIFT_EMIT_LOC_STRINGS = YES;
				SWIFT_VERSION = 5.0;
				TARGETED_DEVICE_FAMILY = "1,2";
			};
			name = Release;
		};
		6F9AC0E12C1210A800000023 /* Debug */ = {
			isa = XCBuildConfiguration;
			buildSettings = {
				ALWAYS_SEARCH_USER_PATHS = NO;
				CLANG_ANALYZER_NONNULL = YES;
				CLANG_ANALYZER_NUMBER_OBJECT_CONVERSION = YES_AGGRESSIVE;
				CLANG_CXX_LANGUAGE_STANDARD = "gnu++20";
				CLANG_ENABLE_MODULES = YES;
				CLANG_ENABLE_OBJC_ARC = YES;
				CLANG_ENABLE_OBJC_WEAK = YES;
				CLANG_WARN_BLOCK_CAPTURE_AUTORELEASING = YES;
				CLANG_WARN_BOOL_CONVERSION = YES;
				CLANG_WARN_COMMA = YES;
				CLANG_WARN_CONSTANT_CONVERSION = YES;
				CLANG_WARN_DEPRECATED_OBJC_IMPLEMENTATIONS = YES;
				CLANG_WARN_DIRECT_OBJC_ISA_USAGE = YES_ERROR;
				CLANG_WARN_DOCUMENTATION_COMMENTS = YES;
				CLANG_WARN_EMPTY_BODY = YES;
				CLANG_WARN_ENUM_CONVERSION = YES;
				CLANG_WARN_INFINITE_RECURSION = YES;
				CLANG_WARN_INT_CONVERSION = YES;
				CLANG_WARN_NON_LITERAL_NULL_CONVERSION = YES;
				CLANG_WARN_OBJC_IMPLICIT_RETAIN_SELF = YES;
				CLANG_WARN_OBJC_LITERAL_CONVERSION = YES;
				CLANG_WARN_RANGE_LOOP_ANALYSIS = YES;
				CLANG_WARN_STRICT_PROTOTYPES = YES;
				CLANG_WARN_SUSPICIOUS_MOVE = YES;
				CLANG_WARN_UNGUARDED_AVAILABILITY = YES_AGGRESSIVE;
				CODE_SIGN_IDENTITY = "Apple Development";
				COPY_PHASE_STRIP = NO;
				DEBUG_INFORMATION_FORMAT = dwarf;
				ENABLE_STRICT_OBJC_MSGSEND = YES;
				ENABLE_TESTABILITY = YES;
				GCC_C_LANGUAGE_STANDARD = gnu11;
				GCC_DYNAMIC_NO_PIC = NO;
				GCC_NO_COMMON_BLOCKS = YES;
				GCC_PREPROCESSOR_DEFINITIONS = (
					"DEBUG=1",
					"$(inherited)",
				);
				GCC_WARN_64_TO_32_BIT_CONVERSION = YES;
				GCC_WARN_ABOUT_RETURN_TYPE = YES_ERROR;
				GCC_WARN_UNDECLARED_SELECTOR = YES;
				GCC_WARN_UNINITIALIZED_AUTOS = YES_AGGRESSIVE;
				GCC_WARN_UNUSED_FUNCTION = YES;
				GCC_WARN_UNUSED_VARIABLE = YES;
				IPHONEOS_DEPLOYMENT_TARGET = 15.0;
				MTL_ENABLE_DEBUG_INFO = INCLUDE_SOURCE;
				MTL_FAST_MATH = YES;
				ONLY_ACTIVE_ARCH = YES;
				SDKROOT = iphoneos;
				SWIFT_ACTIVE_COMPILATION_CONDITIONS = DEBUG;
				SWIFT_OPTIMIZATION_LEVEL = "-Onone";
			};
			name = Debug;
		};
		6F9AC0E22C1210A800000024 /* Release */ = {
			isa = XCBuildConfiguration;
			buildSettings = {
				ALWAYS_SEARCH_USER_PATHS = NO;
				CLANG_ANALYZER_NONNULL = YES;
				CLANG_ANALYZER_NUMBER_OBJECT_CONVERSION = YES_AGGRESSIVE;
				CLANG_CXX_LANGUAGE_STANDARD = "gnu++20";
				CLANG_ENABLE_MODULES = YES;
				CLANG_ENABLE_OBJC_ARC = YES;
				CLANG_ENABLE_OBJC_WEAK = YES;
				CLANG_WARN_BLOCK_CAPTURE_AUTORELEASING = YES;
				CLANG_WARN_BOOL_CONVERSION = YES;
				CLANG_WARN_COMMA = YES;
				CLANG_WARN_CONSTANT_CONVERSION = YES;
				CLANG_WARN_DEPRECATED_OBJC_IMPLEMENTATIONS = YES;
				CLANG_WARN_DIRECT_OBJC_ISA_USAGE = YES_ERROR;
				CLANG_WARN_DOCUMENTATION_COMMENTS = YES;
				CLANG_WARN_EMPTY_BODY = YES;
				CLANG_WARN_ENUM_CONVERSION = YES;
				CLANG_WARN_INFINITE_RECURSION = YES;
				CLANG_WARN_INT_CONVERSION = YES;
				CLANG_WARN_NON_LITERAL_NULL_CONVERSION = YES;
				CLANG_WARN_OBJC_IMPLICIT_RETAIN_SELF = YES;
				CLANG_WARN_OBJC_LITERAL_CONVERSION = YES;
				CLANG_WARN_RANGE_LOOP_ANALYSIS = YES;
				CLANG_WARN_STRICT_PROTOTYPES = YES;
				CLANG_WARN_SUSPICIOUS_MOVE = YES;
				CLANG_WARN_UNGUARDED_AVAILABILITY = YES_AGGRESSIVE;
				CODE_SIGN_IDENTITY = "Apple Development";
				COPY_PHASE_STRIP = NO;
				DEBUG_INFORMATION_FORMAT = "dwarf-with-dsym";
				ENABLE_NS_ASSERTIONS = NO;
				ENABLE_STRICT_OBJC_MSGSEND = YES;
				GCC_C_LANGUAGE_STANDARD = gnu11;
				GCC_NO_COMMON_BLOCKS = YES;
				GCC_WARN_64_TO_32_BIT_CONVERSION = YES;
				GCC_WARN_ABOUT_RETURN_TYPE = YES_ERROR;
				GCC_WARN_UNDECLARED_SELECTOR = YES;
				GCC_WARN_UNINITIALIZED_AUTOS = YES_AGGRESSIVE;
				GCC_WARN_UNUSED_FUNCTION = YES;
				GCC_WARN_UNUSED_VARIABLE = YES;
				IPHONEOS_DEPLOYMENT_TARGET = 15.0;
				MTL_ENABLE_DEBUG_INFO = NO;
				MTL_FAST_MATH = YES;
				SDKROOT = iphoneos;
				SWIFT_COMPILATION_MODE = wholemodule;
				SWIFT_OPTIMIZATION_LEVEL = "-O";
				VALIDATE_PRODUCT = YES;
			};
			name = Release;
		};
/* End XCBuildConfiguration section */

/* Begin XCConfigurationList section */
		6F9AC0C82C1210A80000000A /* Build configuration list for PBXNativeTarget "KenKenApp" */ = {
			isa = XCConfigurationList;
			buildConfigurations = (
				6F9AC0C62C1210A800000008 /* Debug */,
				6F9AC0C72C1210A800000009 /* Release */,
			);
			defaultConfigurationIsVisible = 0;
			defaultConfigurationName = Release;
		};
		6F9AC0E02C1210A800000022 /* Build configuration list for PBXProject "KenKenApp" */ = {
			isa = XCConfigurationList;
			buildConfigurations = (
				6F9AC0E12C1210A800000023 /* Debug */,
				6F9AC0E22C1210A800000024 /* Release */,
			);
			defaultConfigurationIsVisible = 0;
			defaultConfigurationName = Release;
		};
/* End XCConfigurationList section */

};
	rootObject = 6F9AC0BF2C1210A800000001 /* Project object */;
}
